
Microsoft Visual Studio Solution File, Format Version 12.00
# Visual Studio Version 16
VisualStudioVersion = 16.0.31729.503
MinimumVisualStudioVersion = 10.0.40219.1
Project("{FAE04EC0-301F-11D3-BF4B-00C04F79EFBC}") = "RPG_Game", "RPG_Game.csproj", "{9AEBA5FC-51A5-4962-81A7-FFBC585A4F75}"
EndProject
Global
	GlobalSection(SolutionConfigurationPlatforms) = preSolution
		Debug|Any CPU = Debug|Any CPU
		Release|Any CPU = Release|Any CPU
	EndGlobalSection
	GlobalSection(ProjectConfigurationPlatforms) = postSolution
		{9AEBA5FC-51A5-4962-81A7-FFBC585A4F75}.Debug|Any CPU.ActiveCfg = Debug|Any CPU
		{9AEBA5FC-51A5-4962-81A7-FFBC585A4F75}.Debug|Any CPU.Build.0 = Debug|Any CPU
		{9AEBA5FC-51A5-4962-81A7-FFBC585A4F75}.Release|Any CPU.ActiveCfg = Release|Any CPU
		{9AEBA5FC-51A5-4962-81A7-FFBC585A4F75}.Release|Any CPU.Build.0 = Release|Any CPU
	EndGlobalSection
	GlobalSection(SolutionProperties) = preSolution
		HideSolutionNode = FALSE
	EndGlobalSection
	GlobalSection(ExtensibilityGlobals) = postSolution
		SolutionGuid = {97E044B3-A4C2-49BD-8DC7-5A4791F8E7A6}
	EndGlobalSection
EndGlobal
